github.com/klauspost/compress v1.20.1 h1:T7kKElXUMXrUJ2E9QhQhxFtcK5rPyLdsGZvdbLMPdiQ=
github.com/klauspost/compress v1.20.1/go.mod h1:LUdAzn7YLVvxLpc7y3V1m40wESHTgc1422pwwBSKYuI=
github.com/mtgo-labs/mtgo v0.22.0 h1:1C0d3ci6sEGeLHotYLxZxX8Jn4dOo+luw7uGOX/sj5Y=
github.com/mtgo-labs/mtgo v0.22.0/go.mod h1:S++PI5I27DjGLWvngJyR4DG+8Ac9uH1QlKs9e1Qb3OA=
github.com/mtgo-labs/session-converter v0.6.0 h1:TiL9QyiUqtNa4PfxQQCxTCjtjjEJW4Cmi/YUMiDPSH4=
github.com/mtgo-labs/session-converter v0.6.0/go.mod h1:C7Ox25A0ZAIngpbZxUs9a1UA/FBGI5Jsq95MjFB4plw=
github.com/mtgo-labs/storage v0.5.0 h1:x6asAZcLpfhqxEjR6kP4l42246R9XodZGawXsLWLuq8=
github.com/mtgo-labs/storage v0.5.0/go.mod h1:sBMyZUmM0laJr1Zx4bAyYeQ6jpMCZJ64WPHcL8kNj70=
go.uber.org/goleak v1.3.0 h1:2K3zAYmnTNqV73imy9J1T3WC+gmCePx2hEGkimedGto=
go.uber.org/goleak v1.3.0/go.mod h1:CoHD4mav9JJNrW/WLlf7HGZPjdw8EucARQHekz1X6bE=
golang.org/x/crypto v0.57.0 h1:3ZVCjf8Ggz7zneR/EHRVx68Ctf+2pmIMP2UFhh9cC6M=
golang.org/x/crypto v0.57.0/go.mod h1:Fdz0i5U6CoizGwLda9DttjSk6qlZo25zYNtR+ycvuZA=
golang.org/x/sync v0.23.0 h1:KameEIfc1IkluZyXWLn39Wd4tURc6GbCiISGiZm2bQk=
golang.org/x/sync v0.23.0/go.mod h1:sUUOizhqBxiL6pEWpqNLUiaJn1ShEbZ6BBqskPbjZm0=
golang.org/x/sys v0.48.0 h1:bbX/i/6MgT9BVLM9RT1thmxL04yeTAhbEz4SyadbXoo=
golang.org/x/sys v0.48.0/go.mod h1:hNLxWAXmnKAxqDtdwIYC4bM9oQPEecfsnNMuSxOs3og=
golang.org/x/term v0.46.0 h1:3+OXuTbaKDgwk8jTi3aSLHRlmWqHEUDUtxnbFigO4YE=
golang.org/x/term v0.46.0/go.mod h1:+K02xbkittuwc0Am4abfA3Fc+XRGXkvBXNO88NCXPoc=
